
Microsoft Visual Studio Solution File, Format Version 12.00
# Visual Studio Version 16
VisualStudioVersion = 16.0.31729.503
MinimumVisualStudioVersion = 10.0.40219.1
Project("{9A19103F-16F7-4668-BE54-9A1E7A4F7556}") = "PlannerApp", "PlannerApp\PlannerApp.csproj", "{DF1CDC7F-9144-4EEB-9F9B-8C60770B8BAC}"
EndProject
Project("{FAE04EC0-301F-11D3-BF4B-00C04F79EFBC}") = "PlannerApp.Shared", "PlannerApp.Shared\PlannerApp.Shared.csproj", "{FC30F6CA-00D6-4735-B87A-719F09C24FF1}"
EndProject
Global
	GlobalSection(SolutionConfigurationPlatforms) = preSolution
		Debug|Any CPU = Debug|Any CPU
		Release|Any CPU = Release|Any CPU
	EndGlobalSection
	GlobalSection(ProjectConfigurationPlatforms) = postSolution
		{DF1CDC7F-9144-4EEB-9F9B-8C60770B8BAC}.Debug|Any CPU.ActiveCfg = Debug|Any CPU
		{DF1CDC7F-9144-4EEB-9F9B-8C60770B8BAC}.Debug|Any CPU.Build.0 = Debug|Any CPU
		{DF1CDC7F-9144-4EEB-9F9B-8C60770B8BAC}.Release|Any CPU.ActiveCfg = Release|Any CPU
		{DF1CDC7F-9144-4EEB-9F9B-8C60770B8BAC}.Release|Any CPU.Build.0 = Release|Any CPU
		{FC30F6CA-00D6-4735-B87A-719F09C24FF1}.Debug|Any CPU.ActiveCfg = Debug|Any CPU
		{FC30F6CA-00D6-4735-B87A-719F09C24FF1}.Debug|Any CPU.Build.0 = Debug|Any CPU
		{FC30F6CA-00D6-4735-B87A-719F09C24FF1}.Release|Any CPU.ActiveCfg = Release|Any CPU
		{FC30F6CA-00D6-4735-B87A-719F09C24FF1}.Release|Any CPU.Build.0 = Release|Any CPU
	EndGlobalSection
	GlobalSection(SolutionProperties) = preSolution
		HideSolutionNode = FALSE
	EndGlobalSection
	GlobalSection(ExtensibilityGlobals) = postSolution
		SolutionGuid = {734CCB22-0BB4-4226-91DB-0C8818CB8B08}
	EndGlobalSection
EndGlobal
